
Microsoft Visual Studio Solution File, Format Version 12.00
# Visual Studio Version 17
VisualStudioVersion = 17.14.36301.6 d17.14
MinimumVisualStudioVersion = 10.0.40219.1
Project("{FAE04EC0-301F-11D3-BF4B-00C04F79EFBC}") = "Clinic Complex Management System", "Clinic Complex Management System.csproj", "{FF4A4BBD-9F5B-4BE4-9837-E813B48AD46F}"
EndProject
Global
	GlobalSection(SolutionConfigurationPlatforms) = preSolution
		Debug|Any CPU = Debug|Any CPU
		Release|Any CPU = Release|Any CPU
	EndGlobalSection
	GlobalSection(ProjectConfigurationPlatforms) = postSolution
		{FF4A4BBD-9F5B-4BE4-9837-E813B48AD46F}.Debug|Any CPU.ActiveCfg = Debug|Any CPU
		{FF4A4BBD-9F5B-4BE4-9837-E813B48AD46F}.Debug|Any CPU.Build.0 = Debug|Any CPU
		{FF4A4BBD-9F5B-4BE4-9837-E813B48AD46F}.Release|Any CPU.ActiveCfg = Release|Any CPU
		{FF4A4BBD-9F5B-4BE4-9837-E813B48AD46F}.Release|Any CPU.Build.0 = Release|Any CPU
	EndGlobalSection
	GlobalSection(SolutionProperties) = preSolution
		HideSolutionNode = FALSE
	EndGlobalSection
	GlobalSection(ExtensibilityGlobals) = postSolution
		SolutionGuid = {01003F1A-5B51-4E56-87DF-50C4A83ED0F1}
	EndGlobalSection
EndGlobal
